Microsoft Visual Studio Solution File, Format Version 12.00
# Visual Studio Version 17
VisualStudioVersion = 17.5.2.0
MinimumVisualStudioVersion = 10.0.40219.1
Project("{FAE04EC0-301F-11D3-BF4B-00C04F79EFBC}") = "divelog", "divelog.csproj", "{7D93E9F8-254D-C1EB-76BE-FCB301A98C03}"
EndProject
Global
	GlobalSection(SolutionConfigurationPlatforms) = preSolution
		Debug|Any CPU = Debug|Any CPU
		Release|Any CPU = Release|Any CPU
	EndGlobalSection
	GlobalSection(ProjectConfigurationPlatforms) = postSolution
		{7D93E9F8-254D-C1EB-76BE-FCB301A98C03}.Debug|Any CPU.ActiveCfg = Debug|Any CPU
		{7D93E9F8-254D-C1EB-76BE-FCB301A98C03}.Debug|Any CPU.Build.0 = Debug|Any CPU
		{7D93E9F8-254D-C1EB-76BE-FCB301A98C03}.Release|Any CPU.ActiveCfg = Release|Any CPU
		{7D93E9F8-254D-C1EB-76BE-FCB301A98C03}.Release|Any CPU.Build.0 = Release|Any CPU
	EndGlobalSection
	GlobalSection(SolutionProperties) = preSolution
		HideSolutionNode = FALSE
	EndGlobalSection
	GlobalSection(ExtensibilityGlobals) = postSolution
		SolutionGuid = {42BB66F6-4615-49AB-92A3-ECD78BEECE26}
	EndGlobalSection
EndGlobal
